
Microsoft Visual Studio Solution File, Format Version 12.00
# Visual Studio Version 16
VisualStudioVersion = 16.0.30011.22
MinimumVisualStudioVersion = 10.0.40219.1
Project("{FAE04EC0-301F-11D3-BF4B-00C04F79EFBC}") = "book_tutorial_async", "book_tutorial_async\book_tutorial_async.csproj", "{A9523038-3E8A-48DB-8041-883116F8D085}"
EndProject
Global
	GlobalSection(SolutionConfigurationPlatforms) = preSolution
		Debug|Any CPU = Debug|Any CPU
		Release|Any CPU = Release|Any CPU
	EndGlobalSection
	GlobalSection(ProjectConfigurationPlatforms) = postSolution
		{A9523038-3E8A-48DB-8041-883116F8D085}.Debug|Any CPU.ActiveCfg = Debug|Any CPU
		{A9523038-3E8A-48DB-8041-883116F8D085}.Debug|Any CPU.Build.0 = Debug|Any CPU
		{A9523038-3E8A-48DB-8041-883116F8D085}.Release|Any CPU.ActiveCfg = Release|Any CPU
		{A9523038-3E8A-48DB-8041-883116F8D085}.Release|Any CPU.Build.0 = Release|Any CPU
	EndGlobalSection
	GlobalSection(SolutionProperties) = preSolution
		HideSolutionNode = FALSE
	EndGlobalSection
	GlobalSection(ExtensibilityGlobals) = postSolution
		SolutionGuid = {7280CD30-FDC3-4574-98EA-D311F718D0BD}
	EndGlobalSection
EndGlobal
